
Microsoft Visual Studio Solution File, Format Version 12.00
# Visual Studio Version 16
VisualStudioVersion = 16.0.31019.35
MinimumVisualStudioVersion = 10.0.40219.1
Project("{8BC9CEB8-8B4A-11D0-8D11-00A0C91BC942}") = "do while循环的使用", "do while循环的使用\do while循环的使用.vcxproj", "{12622945-CDAF-4621-BD59-AC52D65CE2A7}"
EndProject
Global
	GlobalSection(SolutionConfigurationPlatforms) = preSolution
		Debug|x64 = Debug|x64
		Debug|x86 = Debug|x86
		Release|x64 = Release|x64
		Release|x86 = Release|x86
	EndGlobalSection
	GlobalSection(ProjectConfigurationPlatforms) = postSolution
		{12622945-CDAF-4621-BD59-AC52D65CE2A7}.Debug|x64.ActiveCfg = Debug|x64
		{12622945-CDAF-4621-BD59-AC52D65CE2A7}.Debug|x64.Build.0 = Debug|x64
		{12622945-CDAF-4621-BD59-AC52D65CE2A7}.Debug|x86.ActiveCfg = Debug|Win32
		{12622945-CDAF-4621-BD59-AC52D65CE2A7}.Debug|x86.Build.0 = Debug|Win32
		{12622945-CDAF-4621-BD59-AC52D65CE2A7}.Release|x64.ActiveCfg = Release|x64
		{12622945-CDAF-4621-BD59-AC52D65CE2A7}.Release|x64.Build.0 = Release|x64
		{12622945-CDAF-4621-BD59-AC52D65CE2A7}.Release|x86.ActiveCfg = Release|Win32
		{12622945-CDAF-4621-BD59-AC52D65CE2A7}.Release|x86.Build.0 = Release|Win32
	EndGlobalSection
	GlobalSection(SolutionProperties) = preSolution
		HideSolutionNode = FALSE
	EndGlobalSection
	GlobalSection(ExtensibilityGlobals) = postSolution
		SolutionGuid = {9C031E3D-F83F-4999-834D-EA67FD0347A9}
	EndGlobalSection
EndGlobal
